<?xml version="1.0" encoding="UTF-8" standalone="yes" ?>
<CodeBlocks_project_file>
	<FileVersion major="1" minor="6" />
	<Project>
		<Option title="Lander" />
		<Option pch_mode="2" />
		<Option default_target="Release" />
		<Option compiler="gcc" />
		<MakeCommands>
			<Build command="" />
			<CompileFile command="" />
			<Clean command="" />
			<DistClean command="" />
			<AskRebuildNeeded command="" />
			<SilentBuild command=" &gt; $(CMD_NULL)" />
		</MakeCommands>
		<Build>
			<Target title="Win32_Debug">
				<Option output="bin/Debug/Lander_Win32_debug" prefix_auto="1" extension_auto="1" />
				<Option object_output="obj/Win32_Debug/" />
				<Option type="1" />
				<Option compiler="gcc" />
				<Compiler>
					<Add option="-Wextra" />
					<Add option="-Wall" />
					<Add option="-g" />
					<Add option="-std=gnu++1y" />
					<Add option="-Og" />
					<Add option="-static" />
					<Add option="-static-libgcc" />
					<Add option="-static-libstdc++" />
					<Add option="-mthreads" />
					<Add option="-m32" />
					<Add option="-mmmx" />
					<Add option="-msse" />
					<Add option="-msse2" />
					<Add option="-m3dnow" />
					<Add option="-fexceptions" />
					<Add option="-Wno-unused-local-typedefs" />
					<Add option="-Warray-bounds" />
					<Add option="-D_WIN32_WINNT=0x0501" />
					<Add option="-DBOOST_THREAD_VERSION=3" />
					<Add option="-DBOOST_THREAD_USE_LIB" />
					<Add option="-DBOOST_SYSTEM_NO_DEPRECATED" />
					<Add option="-DGLEW_STATIC" />
					<Add option="-DCURL_STATICLIB" />
					<Add option="-DIGNORE_DEBUG_NETWORK" />
					<Add option="-DIGNORE_DEBUG_NETWORK_HIGHLEVEL" />
					<Add option="-DIGNORE_DEBUG_NETWORK_CHECKALL" />
					<Add option="-DIGNORE_DEBUG_UPDATE" />
					<Add option="-DIGNORE_DEBUG_LOCK" />
					<Add option="-DIGNORE_DEBUG_INPUTSTORM" />
					<Add option="-DIGNORE_DEBUG_COLOURSTORM" />
					<Add option="-DIGNORE_DEBUG_FILESYSTEM" />
					<Add option="-DDEBUG_CACHE" />
					<Add directory="mathematical" />
					<Add directory="astronomical_entities" />
					<Add directory="devices" />
					<Add directory="devices/external" />
					<Add directory="devices/instruments" />
				</Compiler>
				<Linker>
					<Add option="-static" />
					<Add option="-static-libgcc" />
					<Add option="-static-libstdc++" />
					<Add library="lib\win32\libboost_chrono-mgw48-mt-sd-1_54.a" />
					<Add library="lib\win32\libboost_system-mgw48-mt-sd-1_54.a" />
					<Add library="lib\win32\libglew32.a" />
					<Add library="lib\win32\libglfw3.a" />
					<Add library="lib\win32\libftgl_static_D.a" />
					<Add library="lib\win32\libglu32.a" />
					<Add library="lib\win32\libopengl32.a" />
					<Add library="lib\win32\libfreetype.a" />
					<Add library="lib\win32\libws2_32.a" />
					<Add library="lib\win32\libgdi32.a" />
					<Add library="lib\win32\libwinmm.a" />
					<Add library="lib\win32\libsetupapi.a" />
				</Linker>
			</Target>
			<Target title="Win32_Release">
				<Option output="bin/Release/Lander_Win32" prefix_auto="1" extension_auto="1" />
				<Option object_output="obj/Win32_Release/" />
				<Option type="0" />
				<Option compiler="gcc" />
				<Compiler>
					<Add option="-fomit-frame-pointer" />
					<Add option="-fexpensive-optimizations" />
					<Add option="-Wextra" />
					<Add option="-Wall" />
					<Add option="-std=gnu++1y" />
					<Add option="-Ofast" />
					<Add option="-static" />
					<Add option="-static-libgcc" />
					<Add option="-static-libstdc++" />
					<Add option="-mthreads" />
					<Add option="-m32" />
					<Add option="-mmmx" />
					<Add option="-msse" />
					<Add option="-msse2" />
					<Add option="-m3dnow" />
					<Add option="-Wno-unused-local-typedefs" />
					<Add option="-Wno-array-bounds" />
					<Add option="-maccumulate-outgoing-args" />
					<Add option="-fgcse-sm" />
					<Add option="-fgcse-las" />
					<Add option="-fgcse-after-reload" />
					<Add option="-fsched-spec-load" />
					<Add option="-fsched-spec-load-dangerous" />
					<Add option="-fmerge-all-constants" />
					<Add option="-fmodulo-sched" />
					<Add option="-fmodulo-sched-allow-regmoves" />
					<Add option="-funsafe-loop-optimizations" />
					<Add option="-Wunsafe-loop-optimizations" />
					<Add option="-fsched-pressure" />
					<Add option="-fsched-stalled-insns=0" />
					<Add option="-fsched-stalled-insns-dep=32" />
					<Add option="-fsched2-use-superblocks" />
					<Add option="-fipa-pta" />
					<Add option="-fprofile-generate" />
					<Add option="-fbranch-probabilities" />
					<Add option="-fprofile-arcs" />
					<Add option="-fprofile-use" />
					<Add option="-fprofile-values" />
					<Add option="-fvpt" />
					<Add option="-ftracer" />
					<Add option="-fno-var-tracking-assignments" />
					<Add option="-fpeel-loops" />
					<Add option="-funroll-loops" />
					<Add option="-funswitch-loops" />
					<Add option="-ftree-loop-if-convert" />
					<Add option="-ftree-loop-distribution" />
					<Add option="-ftree-loop-im" />
					<Add option="-ftree-loop-ivcanon" />
					<Add option="-fivopts" />
					<Add option="-fvariable-expansion-in-unroller" />
					<Add option="-freorder-blocks-and-partition" />
					<Add option="-fbranch-target-load-optimize" />
					<Add option="-fuse-linker-plugin" />
					<Add option="-flto" />
					<Add option="-fno-math-errno" />
					<Add option="-funsafe-math-optimizations" />
					<Add option="-fassociative-math" />
					<Add option="-freciprocal-math" />
					<Add option="-fno-signed-zeros" />
					<Add option="-fno-trapping-math" />
					<Add option="--param max-gcse-memory=1000000000" />
					<Add option="--param max-inline-insns-single=10000" />
					<Add option="--param max-inline-insns-auto=10000" />
					<Add option="--param inline-min-speedup=20" />
					<Add option="--param large-function-insns=10000" />
					<Add option="--param large-function-growth=2000" />
					<Add option="--param large-unit-insns=20000" />
					<Add option="--param inline-unit-growth=200" />
					<Add option="-DNDEBUG" />
					<Add option="-D_WIN32_WINNT=0x0501" />
					<Add option="-DBOOST_THREAD_VERSION=3" />
					<Add option="-DBOOST_THREAD_USE_LIB" />
					<Add option="-DBOOST_DISABLE_ASSERTS" />
					<Add option="-DBOOST_SYSTEM_NO_DEPRECATED" />
					<Add option="-DGLEW_STATIC" />
					<Add option="-DCURL_STATICLIB" />
				</Compiler>
				<Linker>
					<Add option="-s" />
					<Add option="-static" />
					<Add option="-static-libgcc" />
					<Add option="-static-libstdc++" />
					<Add option="-fprofile-arcs" />
					<Add option="-lgcov" />
					<Add option="-fuse-linker-plugin" />
					<Add option="-flto" />
					<Add option="-funsafe-math-optimizations" />
					<Add library="lib\win32\libboost_chrono-mgw48-mt-s-1_54.a" />
					<Add library="lib\win32\libboost_system-mgw48-mt-s-1_54.a" />
					<Add library="lib\win32\libboost_thread-mgw48-mt-s-1_54.a" />
					<Add library="lib\win32\libboost_filesystem-mgw48-mt-s-1_54.a" />
					<Add library="lib\win32\libglew32.a" />
					<Add library="lib\win32\libglfw3.a" />
					<Add library="lib\win32\libftgl_static.a" />
					<Add library="lib\win32\libglu32.a" />
					<Add library="lib\win32\libopengl32.a" />
					<Add library="lib\win32\libfreetype.a" />
					<Add library="lib\win32\libcurl.a" />
					<Add library="lib\win32\libws2_32.a" />
					<Add library="lib\win32\libSOIL.a" />
					<Add library="lib\win32\libpng.a" />
					<Add library="lib\win32\libssl.a" />
					<Add library="lib\win32\libcrypto.a" />
					<Add library="lib\win32\libz.a" />
					<Add library="lib\win32\libgdi32.a" />
					<Add library="lib\win32\libturbojpeg.a" />
				</Linker>
				<ExtraCommands>
					<Add after='strip -spv &quot;$(TARGET_OUTPUT_FILE)&quot;' />
				</ExtraCommands>
			</Target>
			<Target title="Win64_Debug">
				<Option output="bin/Debug/Lander_Win64_debug" prefix_auto="1" extension_auto="1" />
				<Option object_output="obj/Win64_Debug/" />
				<Option type="1" />
				<Option compiler="gcc" />
				<Compiler>
					<Add option="-Wextra" />
					<Add option="-Wall" />
					<Add option="-g" />
					<Add option="-std=gnu++1y" />
					<Add option="-Og" />
					<Add option="-static" />
					<Add option="-static-libgcc" />
					<Add option="-static-libstdc++" />
					<Add option="-mthreads" />
					<Add option="-m64" />
					<Add option="-mmmx" />
					<Add option="-msse" />
					<Add option="-msse2" />
					<Add option="-m3dnow" />
					<Add option="-fexceptions" />
					<Add option="-Wno-unused-local-typedefs" />
					<Add option="-DBOOST_THREAD_VERSION=3" />
					<Add option="-DBOOST_THREAD_USE_LIB" />
					<Add option="-DBOOST_SYSTEM_NO_DEPRECATED" />
					<Add option="-DGLEW_STATIC" />
					<Add option="-DCURL_STATICLIB" />
					<Add option="-DIGNORE_DEBUG_NETWORK" />
					<Add option="-DIGNORE_DEBUG_NETWORK_HIGHLEVEL" />
					<Add option="-DIGNORE_DEBUG_NETWORK_CHECKALL" />
					<Add option="-DIGNORE_DEBUG_UPDATE" />
					<Add option="-DIGNORE_DEBUG_LOCK" />
					<Add option="-DIGNORE_DEBUG_INPUTSTORM" />
					<Add option="-DIGNORE_DEBUG_COLOURSTORM" />
					<Add option="-DIGNORE_DEBUG_FILESYSTEM" />
					<Add option="-DIGNORE_DEBUG_CACHE" />
				</Compiler>
				<Linker>
					<Add option="-static" />
					<Add option="-static-libgcc" />
					<Add option="-static-libstdc++" />
					<Add library="lib\win64\libboost_system-mgw48-mt-sd-1_53.a" />
					<Add library="lib\win64\libboost_thread-mgw48-mt-sd-1_53.a" />
					<Add library="lib\win64\libboost_chrono-mgw48-mt-sd-1_53.a" />
					<Add library="lib\win64\libboost_filesystem-mgw48-mt-sd-1_53.a" />
					<Add library="lib\win64\libglew_static_D.a" />
					<Add library="lib\win64\libglfw3.a" />
					<Add library="lib\win64\libftgl_static_D.a" />
					<Add library="lib\win64\libglu32.a" />
					<Add library="lib\win64\libopengl32.a" />
					<Add library="lib\win64\libfreetype_Dmx.a" />
					<Add library="lib\win64\libcurl.a" />
					<Add library="lib\win64\libws2_32.a" />
					<Add library="lib\win64\libpng.a" />
					<Add library="lib\win64\libssl.a" />
					<Add library="lib\win64\libcrypto.a" />
					<Add library="lib\win64\libz.a" />
					<Add library="lib\win64\libgdi32.a" />
					<Add library="lib\win64\libturbojpeg.a" />
				</Linker>
			</Target>
			<Target title="Win64_Release">
				<Option output="bin/Release/Lander_Win64" prefix_auto="1" extension_auto="1" />
				<Option object_output="obj/Win64_Release/" />
				<Option type="0" />
				<Option compiler="gcc" />
				<Compiler>
					<Add option="-fexpensive-optimizations" />
					<Add option="-Wextra" />
					<Add option="-Wall" />
					<Add option="-std=gnu++1y" />
					<Add option="-Ofast" />
					<Add option="-static" />
					<Add option="-static-libgcc" />
					<Add option="-static-libstdc++" />
					<Add option="-mthreads" />
					<Add option="-m64" />
					<Add option="-mmmx" />
					<Add option="-msse" />
					<Add option="-msse2" />
					<Add option="-m3dnow" />
					<Add option="-Wno-unused-local-typedefs" />
					<Add option="-Wno-array-bounds" />
					<Add option="-maccumulate-outgoing-args" />
					<Add option="-fgcse-sm" />
					<Add option="-fgcse-las" />
					<Add option="-fgcse-after-reload" />
					<Add option="-fsched-spec-load" />
					<Add option="-fsched-spec-load-dangerous" />
					<Add option="-fmerge-all-constants" />
					<Add option="-fmodulo-sched" />
					<Add option="-fmodulo-sched-allow-regmoves" />
					<Add option="-funsafe-loop-optimizations" />
					<Add option="-Wunsafe-loop-optimizations" />
					<Add option="-fsched-pressure" />
					<Add option="-fsched-stalled-insns=0" />
					<Add option="-fsched-stalled-insns-dep=32" />
					<Add option="-fsched2-use-superblocks" />
					<Add option="-fipa-pta" />
					<Add option="-fprofile-generate" />
					<Add option="-fbranch-probabilities" />
					<Add option="-fprofile-arcs" />
					<Add option="-fprofile-use" />
					<Add option="-fprofile-values" />
					<Add option="-fvpt" />
					<Add option="-ftracer" />
					<Add option="-fno-var-tracking-assignments" />
					<Add option="-fpeel-loops" />
					<Add option="-funroll-loops" />
					<Add option="-funswitch-loops" />
					<Add option="-ftree-loop-if-convert" />
					<Add option="-ftree-loop-distribution" />
					<Add option="-ftree-loop-im" />
					<Add option="-ftree-loop-ivcanon" />
					<Add option="-fivopts" />
					<Add option="-fvariable-expansion-in-unroller" />
					<Add option="-freorder-blocks-and-partition" />
					<Add option="-fbranch-target-load-optimize" />
					<Add option="-fuse-linker-plugin" />
					<Add option="-flto" />
					<Add option="-fno-math-errno" />
					<Add option="-funsafe-math-optimizations" />
					<Add option="-fassociative-math" />
					<Add option="-freciprocal-math" />
					<Add option="-fno-signed-zeros" />
					<Add option="-fno-trapping-math" />
					<Add option="--param max-gcse-memory=1000000000" />
					<Add option="--param max-inline-insns-single=10000" />
					<Add option="--param max-inline-insns-auto=10000" />
					<Add option="--param inline-min-speedup=20" />
					<Add option="--param large-function-insns=10000" />
					<Add option="--param large-function-growth=2000" />
					<Add option="--param large-unit-insns=20000" />
					<Add option="--param inline-unit-growth=200" />
					<Add option="-DNDEBUG" />
					<Add option="-DBOOST_THREAD_VERSION=3" />
					<Add option="-DBOOST_THREAD_USE_LIB" />
					<Add option="-DBOOST_DISABLE_ASSERTS" />
					<Add option="-DBOOST_SYSTEM_NO_DEPRECATED" />
					<Add option="-DGLEW_STATIC" />
					<Add option="-DCURL_STATICLIB" />
				</Compiler>
				<Linker>
					<Add option="-s" />
					<Add option="-static" />
					<Add option="-static-libgcc" />
					<Add option="-static-libstdc++" />
					<Add option="-fprofile-arcs" />
					<Add option="-lgcov" />
					<Add option="-fuse-linker-plugin" />
					<Add option="-flto" />
					<Add option="-funsafe-math-optimizations" />
					<Add library="lib\win64\libboost_system-mgw48-mt-s-1_53.a" />
					<Add library="lib\win64\libboost_thread-mgw48-mt-s-1_53.a" />
					<Add library="lib\win64\libboost_chrono-mgw48-mt-s-1_53.a" />
					<Add library="lib\win64\libboost_filesystem-mgw48-mt-s-1_53.a" />
					<Add library="lib\win64\libglew_static_R.a" />
					<Add library="lib\win64\libglfw3.a" />
					<Add library="lib\win64\libftgl_static.a" />
					<Add library="lib\win64\libglu32.a" />
					<Add library="lib\win64\libopengl32.a" />
					<Add library="lib\win64\libfreetype_Rmx.a" />
					<Add library="lib\win64\libcurl.a" />
					<Add library="lib\win64\libws2_32.a" />
					<Add library="lib\win64\libpng.a" />
					<Add library="lib\win64\libssl.a" />
					<Add library="lib\win64\libcrypto.a" />
					<Add library="lib\win64\libz.a" />
					<Add library="lib\win64\libgdi32.a" />
					<Add library="lib\win64\libturbojpeg.a" />
				</Linker>
				<ExtraCommands>
					<Add after='strip -spv &quot;$(TARGET_OUTPUT_FILE)&quot;' />
				</ExtraCommands>
			</Target>
			<Target title="Linux32_Debug">
				<Option output="bin/Debug/Lander_Linux32_debug" prefix_auto="1" extension_auto="0" />
				<Option object_output="obj/Linux32_Debug/" />
				<Option type="1" />
				<Option compiler="gcc" />
				<Compiler>
					<Add option="-Wextra" />
					<Add option="-Wall" />
					<Add option="-g" />
					<Add option="-std=gnu++1y" />
					<Add option="-Og" />
					<Add option="-static" />
					<Add option="-static-libgcc" />
					<Add option="-static-libstdc++" />
					<Add option="-m64" />
					<Add option="-mmmx" />
					<Add option="-msse" />
					<Add option="-msse2" />
					<Add option="-m3dnow" />
					<Add option="-fexceptions" />
					<Add option="-Wno-unused-local-typedefs" />
					<Add option="-DBOOST_THREAD_VERSION=3" />
					<Add option="-DBOOST_THREAD_USE_LIB" />
					<Add option="-DBOOST_SYSTEM_NO_DEPRECATED" />
					<Add option="-DGLEW_STATIC" />
					<Add option="-DCURL_STATICLIB" />
					<Add option="-DIGNORE_DEBUG_NETWORK" />
					<Add option="-DIGNORE_DEBUG_NETWORK_HIGHLEVEL" />
					<Add option="-DIGNORE_DEBUG_NETWORK_CHECKALL" />
					<Add option="-DIGNORE_DEBUG_UPDATE" />
					<Add option="-DIGNORE_DEBUG_LOCK" />
					<Add option="-DIGNORE_DEBUG_INPUTSTORM" />
					<Add option="-DIGNORE_DEBUG_COLOURSTORM" />
					<Add option="-DIGNORE_DEBUG_FILESYSTEM" />
					<Add option="-DIGNORE_DEBUG_CACHE" />
				</Compiler>
				<Linker>
					<Add option="-static" />
					<Add option="-static-libgcc" />
					<Add option="-static-libstdc++" />
					<Add library="lib\linux32\libboost_system-gcc48-mt-sd-1_53.a" />
					<Add library="lib\linux32\libboost_thread-gcc48-mt-sd-1_53.a" />
					<Add library="lib\linux32\libboost_chrono-gcc48-mt-sd-1_53.a" />
					<Add library="lib\linux32\libboost_filesystem-gcc48-mt-sd-1_53.a" />
					<Add library="lib\linux32\libGLEW.a" />
					<Add library="lib\linux32\libglfw3.a" />
					<Add library="Xrandr" />
					<Add library="lib\linux32\libftgl.a" />
					<Add library="lib\linux32\libGLU.a" />
					<Add library="GL" />
					<Add library="lib\linux32\libfreetype.a" />
					<Add library="lib\linux32\libpng.a" />
					<Add library="lib\linux32\libssl.a" />
					<Add library="lib\linux32\libcrypto.a" />
					<Add library="lib\linux32\libz.a" />
					<Add library="Xt" />
					<Add library="Xm" />
					<Add library="lib\linux32\libturbojpeg.a" />
				</Linker>
			</Target>
			<Target title="Linux32_Release">
				<Option output="bin/Release/Lander_Linux32" prefix_auto="1" extension_auto="0" />
				<Option object_output="obj/Linux32_Release/" />
				<Option type="0" />
				<Option compiler="gcc" />
				<Compiler>
					<Add option="-fexpensive-optimizations" />
					<Add option="-Wextra" />
					<Add option="-Wall" />
					<Add option="-std=gnu++1y" />
					<Add option="-Ofast" />
					<Add option="-static" />
					<Add option="-static-libgcc" />
					<Add option="-static-libstdc++" />
					<Add option="-m64" />
					<Add option="-mmmx" />
					<Add option="-msse" />
					<Add option="-msse2" />
					<Add option="-m3dnow" />
					<Add option="-Wno-unused-local-typedefs" />
					<Add option="-Wno-array-bounds" />
					<Add option="-maccumulate-outgoing-args" />
					<Add option="-fgcse-sm" />
					<Add option="-fgcse-las" />
					<Add option="-fgcse-after-reload" />
					<Add option="-fsched-spec-load" />
					<Add option="-fsched-spec-load-dangerous" />
					<Add option="-fmerge-all-constants" />
					<Add option="-fmodulo-sched" />
					<Add option="-fmodulo-sched-allow-regmoves" />
					<Add option="-funsafe-loop-optimizations" />
					<Add option="-Wunsafe-loop-optimizations" />
					<Add option="-fsched-pressure" />
					<Add option="-fsched-stalled-insns=0" />
					<Add option="-fsched-stalled-insns-dep=32" />
					<Add option="-fsched2-use-superblocks" />
					<Add option="-fipa-pta" />
					<Add option="-fprofile-generate" />
					<Add option="-fbranch-probabilities" />
					<Add option="-fprofile-arcs" />
					<Add option="-fprofile-use" />
					<Add option="-fprofile-values" />
					<Add option="-fvpt" />
					<Add option="-ftracer" />
					<Add option="-fno-var-tracking-assignments" />
					<Add option="-fpeel-loops" />
					<Add option="-funroll-loops" />
					<Add option="-funswitch-loops" />
					<Add option="-ftree-loop-if-convert" />
					<Add option="-ftree-loop-distribution" />
					<Add option="-ftree-loop-im" />
					<Add option="-ftree-loop-ivcanon" />
					<Add option="-fivopts" />
					<Add option="-fvariable-expansion-in-unroller" />
					<Add option="-freorder-blocks-and-partition" />
					<Add option="-fbranch-target-load-optimize" />
					<Add option="-fuse-linker-plugin" />
					<Add option="-flto" />
					<Add option="-fno-math-errno" />
					<Add option="-funsafe-math-optimizations" />
					<Add option="-fassociative-math" />
					<Add option="-freciprocal-math" />
					<Add option="-fno-signed-zeros" />
					<Add option="-fno-trapping-math" />
					<Add option="--param max-gcse-memory=1000000000" />
					<Add option="--param max-inline-insns-single=10000" />
					<Add option="--param max-inline-insns-auto=10000" />
					<Add option="--param inline-min-speedup=20" />
					<Add option="--param large-function-insns=10000" />
					<Add option="--param large-function-growth=2000" />
					<Add option="--param large-unit-insns=20000" />
					<Add option="--param inline-unit-growth=200" />
					<Add option="-DNDEBUG" />
					<Add option="-DBOOST_THREAD_VERSION=3" />
					<Add option="-DBOOST_THREAD_USE_LIB" />
					<Add option="-DBOOST_DISABLE_ASSERTS" />
					<Add option="-DBOOST_SYSTEM_NO_DEPRECATED" />
					<Add option="-DGLEW_STATIC" />
					<Add option="-DCURL_STATICLIB" />
				</Compiler>
				<Linker>
					<Add option="-s" />
					<Add option="-static" />
					<Add option="-static-libgcc" />
					<Add option="-static-libstdc++" />
					<Add option="-fprofile-arcs" />
					<Add option="-lgcov" />
					<Add option="-fuse-linker-plugin" />
					<Add option="-flto" />
					<Add option="-funsafe-math-optimizations" />
					<Add library="lib\linux32\libboost_system-gcc48-mt-s-1_53.a" />
					<Add library="lib\linux32\libboost_thread-gcc48-mt-s-1_53.a" />
					<Add library="lib\linux32\libboost_chrono-gcc48-mt-s-1_53.a" />
					<Add library="lib\linux32\libboost_filesystem-gcc48-mt-s-1_53.a" />
					<Add library="lib\linux32\libGLEW.a" />
					<Add library="lib\linux32\libglfw3.a" />
					<Add library="Xrandr" />
					<Add library="lib\linux32\libftgl.a" />
					<Add library="lib\linux32\libGLU.a" />
					<Add library="GL" />
					<Add library="lib\linux32\libfreetype.a" />
					<Add library="lib\linux32\libpng.a" />
					<Add library="lib\linux32\libssl.a" />
					<Add library="lib\linux32\libcrypto.a" />
					<Add library="lib\linux32\libz.a" />
					<Add library="Xt" />
					<Add library="Xm" />
					<Add library="lib\linux32\libturbojpeg.a" />
				</Linker>
				<ExtraCommands>
					<Add after='strip -spv &quot;$(TARGET_OUTPUT_FILE)&quot;' />
				</ExtraCommands>
			</Target>
			<Target title="Linux64_Debug">
				<Option output="bin/Debug/Lander_Linux64_debug" prefix_auto="1" extension_auto="0" />
				<Option object_output="obj/Linux64_Debug/" />
				<Option type="1" />
				<Option compiler="gcc" />
				<Compiler>
					<Add option="-Wextra" />
					<Add option="-Wall" />
					<Add option="-g" />
					<Add option="-std=gnu++1y" />
					<Add option="-Og" />
					<Add option="-static" />
					<Add option="-static-libgcc" />
					<Add option="-static-libstdc++" />
					<Add option="-m64" />
					<Add option="-mmmx" />
					<Add option="-msse" />
					<Add option="-msse2" />
					<Add option="-m3dnow" />
					<Add option="-fexceptions" />
					<Add option="-Wno-unused-local-typedefs" />
					<Add option="-DBOOST_THREAD_VERSION=3" />
					<Add option="-DBOOST_THREAD_USE_LIB" />
					<Add option="-DBOOST_SYSTEM_NO_DEPRECATED" />
					<Add option="-DGLEW_STATIC" />
					<Add option="-DCURL_STATICLIB" />
					<Add option="-DIGNORE_DEBUG_NETWORK" />
					<Add option="-DIGNORE_DEBUG_NETWORK_HIGHLEVEL" />
					<Add option="-DIGNORE_DEBUG_NETWORK_CHECKALL" />
					<Add option="-DIGNORE_DEBUG_UPDATE" />
					<Add option="-DIGNORE_DEBUG_LOCK" />
					<Add option="-DIGNORE_DEBUG_INPUTSTORM" />
					<Add option="-DIGNORE_DEBUG_COLOURSTORM" />
					<Add option="-DIGNORE_DEBUG_FILESYSTEM" />
					<Add option="-DIGNORE_DEBUG_CACHE" />
				</Compiler>
				<Linker>
					<Add option="-static-libgcc" />
					<Add option="-static-libstdc++" />
					<Add library="lib\linux64\libboost_system-gcc48-mt-sd-1_54.a" />
					<Add library="lib\linux64\libboost_thread-gcc48-mt-sd-1_54.a" />
					<Add library="lib\linux64\libboost_chrono-gcc48-mt-sd-1_54.a" />
					<Add library="lib\linux64\libboost_filesystem-gcc48-mt-sd-1_54.a" />
					<Add library="lib\linux64\libGLEW.a" />
					<Add library="lib\linux64\libglfw3.a" />
					<Add library="Xrandr" />
					<Add library="lib\linux64\libftgl.a" />
					<Add library="lib\linux64\libGLU.a" />
					<Add library="GL" />
					<Add library="lib\linux64\libfreetype.a" />
					<Add library="lib\linux64\libcurl.a" />
					<Add library="lib\linux64\libpng16.a" />
					<Add library="lib\linux64\libssl.a" />
					<Add library="lib\linux64\libcrypto.a" />
					<Add library="lib\linux64\libz.a" />
					<Add library="Xt" />
					<Add library="Xm" />
					<Add library="Xi" />
					<Add library="X11" />
					<Add library="Xxf86vm" />
					<Add library="pthread" />
					<Add library="dl" />
					<Add library="lib\linux64\libturbojpeg.a" />
				</Linker>
			</Target>
			<Target title="Linux64_Release">
				<Option output="bin/Release/Lander_Linux64" prefix_auto="1" extension_auto="0" />
				<Option object_output="obj/Linux64_Release/" />
				<Option type="0" />
				<Option compiler="gcc" />
				<Compiler>
					<Add option="-fexpensive-optimizations" />
					<Add option="-Wextra" />
					<Add option="-Wall" />
					<Add option="-std=gnu++1y" />
					<Add option="-Ofast" />
					<Add option="-static" />
					<Add option="-static-libgcc" />
					<Add option="-static-libstdc++" />
					<Add option="-m64" />
					<Add option="-mmmx" />
					<Add option="-msse" />
					<Add option="-msse2" />
					<Add option="-m3dnow" />
					<Add option="-Wno-unused-local-typedefs" />
					<Add option="-Wno-array-bounds" />
					<Add option="-maccumulate-outgoing-args" />
					<Add option="-fgcse-sm" />
					<Add option="-fgcse-las" />
					<Add option="-fgcse-after-reload" />
					<Add option="-fsched-spec-load" />
					<Add option="-fsched-spec-load-dangerous" />
					<Add option="-fmerge-all-constants" />
					<Add option="-fmodulo-sched" />
					<Add option="-fmodulo-sched-allow-regmoves" />
					<Add option="-funsafe-loop-optimizations" />
					<Add option="-Wunsafe-loop-optimizations" />
					<Add option="-fsched-pressure" />
					<Add option="-fsched-stalled-insns=0" />
					<Add option="-fsched-stalled-insns-dep=32" />
					<Add option="-fsched2-use-superblocks" />
					<Add option="-fipa-pta" />
					<Add option="-fprofile-generate" />
					<Add option="-fbranch-probabilities" />
					<Add option="-fprofile-arcs" />
					<Add option="-fprofile-use" />
					<Add option="-fprofile-values" />
					<Add option="-fvpt" />
					<Add option="-ftracer" />
					<Add option="-fno-var-tracking-assignments" />
					<Add option="-fpeel-loops" />
					<Add option="-funroll-loops" />
					<Add option="-funswitch-loops" />
					<Add option="-ftree-loop-if-convert" />
					<Add option="-ftree-loop-distribution" />
					<Add option="-ftree-loop-im" />
					<Add option="-ftree-loop-ivcanon" />
					<Add option="-fivopts" />
					<Add option="-fvariable-expansion-in-unroller" />
					<Add option="-freorder-blocks-and-partition" />
					<Add option="-fbranch-target-load-optimize" />
					<Add option="-fuse-linker-plugin" />
					<Add option="-flto" />
					<Add option="-fno-math-errno" />
					<Add option="-funsafe-math-optimizations" />
					<Add option="-fassociative-math" />
					<Add option="-freciprocal-math" />
					<Add option="-fno-signed-zeros" />
					<Add option="-fno-trapping-math" />
					<Add option="--param max-gcse-memory=1000000000" />
					<Add option="--param max-inline-insns-single=10000" />
					<Add option="--param max-inline-insns-auto=10000" />
					<Add option="--param inline-min-speedup=20" />
					<Add option="--param large-function-insns=10000" />
					<Add option="--param large-function-growth=2000" />
					<Add option="--param large-unit-insns=20000" />
					<Add option="--param inline-unit-growth=200" />
					<Add option="-DNDEBUG" />
					<Add option="-DBOOST_THREAD_VERSION=3" />
					<Add option="-DBOOST_THREAD_USE_LIB" />
					<Add option="-DBOOST_DISABLE_ASSERTS" />
					<Add option="-DBOOST_SYSTEM_NO_DEPRECATED" />
					<Add option="-DGLEW_STATIC" />
					<Add option="-DCURL_STATICLIB" />
				</Compiler>
				<Linker>
					<Add option="-s" />
					<Add option="-static" />
					<Add option="-static-libgcc" />
					<Add option="-static-libstdc++" />
					<Add option="-fprofile-arcs" />
					<Add option="-lgcov" />
					<Add option="-fuse-linker-plugin" />
					<Add option="-flto" />
					<Add option="-funsafe-math-optimizations" />
					<Add library="lib\linux64\libboost_system-gcc48-mt-s-1_54.a" />
					<Add library="lib\linux64\libboost_thread-gcc48-mt-s-1_54.a" />
					<Add library="lib\linux64\libboost_chrono-gcc48-mt-s-1_54.a" />
					<Add library="lib\linux64\libboost_filesystem-gcc48-mt-s-1_54.a" />
					<Add library="lib\linux64\libGLEW.a" />
					<Add library="lib\linux64\libglfw3.a" />
					<Add library="Xrandr" />
					<Add library="lib\linux64\libftgl.a" />
					<Add library="lib\linux64\libGLU.a" />
					<Add library="GL" />
					<Add library="lib\linux64\libfreetype.a" />
					<Add library="lib\linux64\libcurl.a" />
					<Add library="lib\linux64\libpng16.a" />
					<Add library="lib\linux64\libssl.a" />
					<Add library="lib\linux64\libcrypto.a" />
					<Add library="lib\linux64\libz.a" />
					<Add library="Xt" />
					<Add library="Xm" />
					<Add library="Xi" />
					<Add library="X11" />
					<Add library="Xxf86vm" />
					<Add library="pthread" />
					<Add library="dl" />
					<Add library="lib\linux64\libturbojpeg.a" />
				</Linker>
				<ExtraCommands>
					<Add after='strip -spv &quot;$(TARGET_OUTPUT_FILE)&quot;' />
				</ExtraCommands>
			</Target>
			<Target title="Mac32_Debug">
				<Option output="bin/Debug/Lander_Mac32_debug" prefix_auto="1" extension_auto="0" />
				<Option object_output="obj/Mac32_Debug/" />
				<Option type="1" />
				<Option compiler="gcc" />
				<Compiler>
					<Add option="-Wextra" />
					<Add option="-Wall" />
					<Add option="-g" />
					<Add option="-std=gnu++1y" />
					<Add option="-Og" />
					<Add option="-static" />
					<Add option="-static-libgcc" />
					<Add option="-static-libstdc++" />
					<Add option="-m64" />
					<Add option="-mmmx" />
					<Add option="-msse" />
					<Add option="-msse2" />
					<Add option="-m3dnow" />
					<Add option="-fexceptions" />
					<Add option="-Wno-unused-local-typedefs" />
					<Add option="-DBOOST_THREAD_VERSION=3" />
					<Add option="-DBOOST_THREAD_USE_LIB" />
					<Add option="-DBOOST_SYSTEM_NO_DEPRECATED" />
					<Add option="-DGLEW_STATIC" />
					<Add option="-DCURL_STATICLIB" />
					<Add option="-DIGNORE_DEBUG_NETWORK" />
					<Add option="-DIGNORE_DEBUG_NETWORK_HIGHLEVEL" />
					<Add option="-DIGNORE_DEBUG_NETWORK_CHECKALL" />
					<Add option="-DIGNORE_DEBUG_UPDATE" />
					<Add option="-DIGNORE_DEBUG_LOCK" />
					<Add option="-DIGNORE_DEBUG_INPUTSTORM" />
					<Add option="-DIGNORE_DEBUG_COLOURSTORM" />
					<Add option="-DIGNORE_DEBUG_FILESYSTEM" />
					<Add option="-DIGNORE_DEBUG_CACHE" />
				</Compiler>
				<Linker>
					<Add option="-static" />
					<Add option="-static-libgcc" />
					<Add option="-static-libstdc++" />
					<Add library="lib\mac32\libboost_system-gcc48-mt-sd-1_53.a" />
					<Add library="lib\mac32\libboost_thread-gcc48-mt-sd-1_53.a" />
					<Add library="lib\mac32\libboost_chrono-gcc48-mt-sd-1_53.a" />
					<Add library="lib\mac32\libboost_filesystem-gcc48-mt-sd-1_53.a" />
					<Add library="lib\mac32\libGLEW.a" />
					<Add library="lib\mac32\libglfw3.a" />
					<Add library="Xrandr" />
					<Add library="lib\mac32\libftgl.a" />
					<Add library="lib\mac32\libGLU.a" />
					<Add library="GL" />
					<Add library="lib\mac32\libfreetype.a" />
					<Add library="lib\mac32\libpng.a" />
					<Add library="lib\mac32\libssl.a" />
					<Add library="lib\mac32\libcrypto.a" />
					<Add library="lib\mac32\libz.a" />
					<Add library="Xt" />
					<Add library="Xm" />
				</Linker>
			</Target>
			<Target title="Mac32_Release">
				<Option output="bin/Release/Lander_Mac32" prefix_auto="1" extension_auto="0" />
				<Option object_output="obj/Mac32_Release/" />
				<Option type="0" />
				<Option compiler="gcc" />
				<Compiler>
					<Add option="-fexpensive-optimizations" />
					<Add option="-Wextra" />
					<Add option="-Wall" />
					<Add option="-std=gnu++1y" />
					<Add option="-Ofast" />
					<Add option="-static" />
					<Add option="-static-libgcc" />
					<Add option="-static-libstdc++" />
					<Add option="-m64" />
					<Add option="-mmmx" />
					<Add option="-msse" />
					<Add option="-msse2" />
					<Add option="-m3dnow" />
					<Add option="-Wno-unused-local-typedefs" />
					<Add option="-Wno-array-bounds" />
					<Add option="-maccumulate-outgoing-args" />
					<Add option="-fgcse-sm" />
					<Add option="-fgcse-las" />
					<Add option="-fgcse-after-reload" />
					<Add option="-fsched-spec-load" />
					<Add option="-fsched-spec-load-dangerous" />
					<Add option="-fmerge-all-constants" />
					<Add option="-fmodulo-sched" />
					<Add option="-fmodulo-sched-allow-regmoves" />
					<Add option="-funsafe-loop-optimizations" />
					<Add option="-Wunsafe-loop-optimizations" />
					<Add option="-fsched-pressure" />
					<Add option="-fsched-stalled-insns=0" />
					<Add option="-fsched-stalled-insns-dep=32" />
					<Add option="-fsched2-use-superblocks" />
					<Add option="-fipa-pta" />
					<Add option="-fprofile-generate" />
					<Add option="-fbranch-probabilities" />
					<Add option="-fprofile-arcs" />
					<Add option="-fprofile-use" />
					<Add option="-fprofile-values" />
					<Add option="-fvpt" />
					<Add option="-ftracer" />
					<Add option="-fno-var-tracking-assignments" />
					<Add option="-fpeel-loops" />
					<Add option="-funroll-loops" />
					<Add option="-funswitch-loops" />
					<Add option="-ftree-loop-if-convert" />
					<Add option="-ftree-loop-distribution" />
					<Add option="-ftree-loop-im" />
					<Add option="-ftree-loop-ivcanon" />
					<Add option="-fivopts" />
					<Add option="-fvariable-expansion-in-unroller" />
					<Add option="-freorder-blocks-and-partition" />
					<Add option="-fbranch-target-load-optimize" />
					<Add option="-fuse-linker-plugin" />
					<Add option="-flto" />
					<Add option="-fno-math-errno" />
					<Add option="-funsafe-math-optimizations" />
					<Add option="-fassociative-math" />
					<Add option="-freciprocal-math" />
					<Add option="-fno-signed-zeros" />
					<Add option="-fno-trapping-math" />
					<Add option="--param max-gcse-memory=1000000000" />
					<Add option="--param max-inline-insns-single=10000" />
					<Add option="--param max-inline-insns-auto=10000" />
					<Add option="--param inline-min-speedup=20" />
					<Add option="--param large-function-insns=10000" />
					<Add option="--param large-function-growth=2000" />
					<Add option="--param large-unit-insns=20000" />
					<Add option="--param inline-unit-growth=200" />
					<Add option="-DNDEBUG" />
					<Add option="-DBOOST_THREAD_VERSION=3" />
					<Add option="-DBOOST_THREAD_USE_LIB" />
					<Add option="-DBOOST_DISABLE_ASSERTS" />
					<Add option="-DBOOST_SYSTEM_NO_DEPRECATED" />
					<Add option="-DGLEW_STATIC" />
					<Add option="-DCURL_STATICLIB" />
				</Compiler>
				<Linker>
					<Add option="-s" />
					<Add option="-static" />
					<Add option="-static-libgcc" />
					<Add option="-static-libstdc++" />
					<Add option="-fprofile-arcs" />
					<Add option="-lgcov" />
					<Add option="-fuse-linker-plugin" />
					<Add option="-flto" />
					<Add option="-funsafe-math-optimizations" />
					<Add library="lib\mac32\libboost_system-gcc48-mt-s-1_53.a" />
					<Add library="lib\mac32\libboost_thread-gcc48-mt-s-1_53.a" />
					<Add library="lib\mac32\libboost_chrono-gcc48-mt-s-1_53.a" />
					<Add library="lib\mac32\libboost_filesystem-gcc48-mt-s-1_53.a" />
					<Add library="lib\mac32\libGLEW.a" />
					<Add library="lib\mac32\libglfw3.a" />
					<Add library="Xrandr" />
					<Add library="lib\mac32\libftgl.a" />
					<Add library="lib\mac32\libGLU.a" />
					<Add library="GL" />
					<Add library="lib\mac32\libfreetype.a" />
					<Add library="lib\mac32\libpng.a" />
					<Add library="lib\mac32\libssl.a" />
					<Add library="lib\mac32\libcrypto.a" />
					<Add library="lib\mac32\libz.a" />
					<Add library="Xt" />
					<Add library="Xm" />
				</Linker>
				<ExtraCommands>
					<Add after='strip -spv &quot;$(TARGET_OUTPUT_FILE)&quot;' />
				</ExtraCommands>
			</Target>
			<Target title="Mac64_Debug">
				<Option output="bin/Debug/Lander_Mac32_debug" prefix_auto="1" extension_auto="0" />
				<Option object_output="obj/Mac32_Debug/" />
				<Option type="1" />
				<Option compiler="gcc" />
				<Compiler>
					<Add option="-Wextra" />
					<Add option="-Wall" />
					<Add option="-g" />
					<Add option="-std=gnu++1y" />
					<Add option="-Og" />
					<Add option="-static" />
					<Add option="-static-libgcc" />
					<Add option="-static-libstdc++" />
					<Add option="-m64" />
					<Add option="-mmmx" />
					<Add option="-msse" />
					<Add option="-msse2" />
					<Add option="-m3dnow" />
					<Add option="-fexceptions" />
					<Add option="-Wno-unused-local-typedefs" />
					<Add option="-DBOOST_THREAD_VERSION=3" />
					<Add option="-DBOOST_THREAD_USE_LIB" />
					<Add option="-DBOOST_SYSTEM_NO_DEPRECATED" />
					<Add option="-DGLEW_STATIC" />
					<Add option="-DCURL_STATICLIB" />
					<Add option="-DIGNORE_DEBUG_NETWORK" />
					<Add option="-DIGNORE_DEBUG_NETWORK_HIGHLEVEL" />
					<Add option="-DIGNORE_DEBUG_NETWORK_CHECKALL" />
					<Add option="-DIGNORE_DEBUG_UPDATE" />
					<Add option="-DIGNORE_DEBUG_LOCK" />
					<Add option="-DIGNORE_DEBUG_INPUTSTORM" />
					<Add option="-DIGNORE_DEBUG_COLOURSTORM" />
					<Add option="-DIGNORE_DEBUG_FILESYSTEM" />
					<Add option="-DIGNORE_DEBUG_CACHE" />
				</Compiler>
				<Linker>
					<Add option="-static" />
					<Add option="-static-libgcc" />
					<Add option="-static-libstdc++" />
					<Add library="lib\mac64\libboost_system-gcc48-mt-sd-1_53.a" />
					<Add library="lib\mac64\libboost_thread-gcc48-mt-sd-1_53.a" />
					<Add library="lib\mac64\libboost_chrono-gcc48-mt-sd-1_53.a" />
					<Add library="lib\mac64\libboost_filesystem-gcc48-mt-sd-1_53.a" />
					<Add library="lib\mac64\libGLEW.a" />
					<Add library="lib\mac64\libglfw3.a" />
					<Add library="Xrandr" />
					<Add library="lib\mac64\libftgl.a" />
					<Add library="lib\mac64\libGLU.a" />
					<Add library="GL" />
					<Add library="lib\mac64\libfreetype.a" />
					<Add library="lib\mac64\libpng.a" />
					<Add library="lib\mac64\libssl.a" />
					<Add library="lib\mac64\libcrypto.a" />
					<Add library="lib\mac64\libz.a" />
					<Add library="Xt" />
					<Add library="Xm" />
				</Linker>
			</Target>
			<Target title="Mac64_Release">
				<Option output="bin/Release/Lander_Mac32" prefix_auto="1" extension_auto="0" />
				<Option object_output="obj/Mac32_Release/" />
				<Option type="0" />
				<Option compiler="gcc" />
				<Compiler>
					<Add option="-fexpensive-optimizations" />
					<Add option="-Wextra" />
					<Add option="-Wall" />
					<Add option="-std=gnu++1y" />
					<Add option="-Ofast" />
					<Add option="-static" />
					<Add option="-static-libgcc" />
					<Add option="-static-libstdc++" />
					<Add option="-m64" />
					<Add option="-mmmx" />
					<Add option="-msse" />
					<Add option="-msse2" />
					<Add option="-m3dnow" />
					<Add option="-Wno-unused-local-typedefs" />
					<Add option="-Wno-array-bounds" />
					<Add option="-maccumulate-outgoing-args" />
					<Add option="-fgcse-sm" />
					<Add option="-fgcse-las" />
					<Add option="-fgcse-after-reload" />
					<Add option="-fsched-spec-load" />
					<Add option="-fsched-spec-load-dangerous" />
					<Add option="-fmerge-all-constants" />
					<Add option="-fmodulo-sched" />
					<Add option="-fmodulo-sched-allow-regmoves" />
					<Add option="-funsafe-loop-optimizations" />
					<Add option="-Wunsafe-loop-optimizations" />
					<Add option="-fsched-pressure" />
					<Add option="-fsched-stalled-insns=0" />
					<Add option="-fsched-stalled-insns-dep=32" />
					<Add option="-fsched2-use-superblocks" />
					<Add option="-fipa-pta" />
					<Add option="-fprofile-generate" />
					<Add option="-fbranch-probabilities" />
					<Add option="-fprofile-arcs" />
					<Add option="-fprofile-use" />
					<Add option="-fprofile-values" />
					<Add option="-fvpt" />
					<Add option="-ftracer" />
					<Add option="-fno-var-tracking-assignments" />
					<Add option="-fpeel-loops" />
					<Add option="-funroll-loops" />
					<Add option="-funswitch-loops" />
					<Add option="-ftree-loop-if-convert" />
					<Add option="-ftree-loop-distribution" />
					<Add option="-ftree-loop-im" />
					<Add option="-ftree-loop-ivcanon" />
					<Add option="-fivopts" />
					<Add option="-fvariable-expansion-in-unroller" />
					<Add option="-freorder-blocks-and-partition" />
					<Add option="-fbranch-target-load-optimize" />
					<Add option="-fuse-linker-plugin" />
					<Add option="-flto" />
					<Add option="-fno-math-errno" />
					<Add option="-funsafe-math-optimizations" />
					<Add option="-fassociative-math" />
					<Add option="-freciprocal-math" />
					<Add option="-fno-signed-zeros" />
					<Add option="-fno-trapping-math" />
					<Add option="--param max-gcse-memory=1000000000" />
					<Add option="--param max-inline-insns-single=10000" />
					<Add option="--param max-inline-insns-auto=10000" />
					<Add option="--param inline-min-speedup=20" />
					<Add option="--param large-function-insns=10000" />
					<Add option="--param large-function-growth=2000" />
					<Add option="--param large-unit-insns=20000" />
					<Add option="--param inline-unit-growth=200" />
					<Add option="-DNDEBUG" />
					<Add option="-DBOOST_THREAD_VERSION=3" />
					<Add option="-DBOOST_THREAD_USE_LIB" />
					<Add option="-DBOOST_DISABLE_ASSERTS" />
					<Add option="-DBOOST_SYSTEM_NO_DEPRECATED" />
					<Add option="-DGLEW_STATIC" />
					<Add option="-DCURL_STATICLIB" />
				</Compiler>
				<Linker>
					<Add option="-s" />
					<Add option="-static" />
					<Add option="-static-libgcc" />
					<Add option="-static-libstdc++" />
					<Add option="-fprofile-arcs" />
					<Add option="-lgcov" />
					<Add option="-fuse-linker-plugin" />
					<Add option="-flto" />
					<Add option="-funsafe-math-optimizations" />
					<Add library="lib\mac64\libboost_system-gcc48-mt-s-1_53.a" />
					<Add library="lib\mac64\libboost_thread-gcc48-mt-s-1_53.a" />
					<Add library="lib\mac64\libboost_chrono-gcc48-mt-s-1_53.a" />
					<Add library="lib\mac64\libboost_filesystem-gcc48-mt-s-1_53.a" />
					<Add library="lib\mac64\libGLEW.a" />
					<Add library="lib\mac64\libglfw3.a" />
					<Add library="Xrandr" />
					<Add library="lib\mac64\libftgl.a" />
					<Add library="lib\mac64\libGLU.a" />
					<Add library="GL" />
					<Add library="lib\mac64\libfreetype.a" />
					<Add library="lib\mac64\libpng.a" />
					<Add library="lib\mac64\libssl.a" />
					<Add library="lib\mac64\libcrypto.a" />
					<Add library="lib\mac64\libz.a" />
					<Add library="Xt" />
					<Add library="Xm" />
				</Linker>
				<ExtraCommands>
					<Add after='strip -spv &quot;$(TARGET_OUTPUT_FILE)&quot;' />
				</ExtraCommands>
			</Target>
		</Build>
		<VirtualTargets>
			<Add alias="All_Linux" targets="Linux32_Debug;Linux32_Release;Linux64_Debug;Linux64_Release;" />
			<Add alias="All_Linux32" targets="Linux32_Debug;Linux32_Release;" />
			<Add alias="All_Linux64" targets="Linux64_Release;Linux64_Debug;" />
			<Add alias="All_Mac" targets="Mac32_Debug;Mac32_Release;Mac64_Debug;Mac64_Release;" />
			<Add alias="All_Mac32" targets="Mac32_Debug;Mac32_Release;" />
			<Add alias="All_Mac64" targets="Mac64_Debug;Mac64_Release;" />
			<Add alias="All_Win" targets="Win32_Debug;Win32_Release;Win64_Release;Win64_Debug;" />
			<Add alias="All_Win32" targets="Win32_Release;Win32_Debug;" />
			<Add alias="All_Win64" targets="Win64_Release;Win64_Debug;" />
		</VirtualTargets>
		<Compiler>
			<Add directory="." />
			<Add directory="command" />
			<Add directory="entity" />
			<Add directory="gui" />
			<Add directory="input" />
			<Add directory="iodata" />
			<Add directory="worldcomponents" />
			<Add directory="lock" />
			<Add directory="include" />
			<Add directory="$(#boost.include)" />
		</Compiler>
		<Unit filename="OVR/Kernel/OVR_Alg.cpp" />
		<Unit filename="OVR/Kernel/OVR_Alg.h" />
		<Unit filename="OVR/Kernel/OVR_Allocator.cpp" />
		<Unit filename="OVR/Kernel/OVR_Allocator.h" />
		<Unit filename="OVR/Kernel/OVR_Array.h" />
		<Unit filename="OVR/Kernel/OVR_Atomic.cpp" />
		<Unit filename="OVR/Kernel/OVR_Atomic.h" />
		<Unit filename="OVR/Kernel/OVR_Color.h" />
		<Unit filename="OVR/Kernel/OVR_ContainerAllocator.h" />
		<Unit filename="OVR/Kernel/OVR_File.cpp" />
		<Unit filename="OVR/Kernel/OVR_File.h" />
		<Unit filename="OVR/Kernel/OVR_FileFILE.cpp" />
		<Unit filename="OVR/Kernel/OVR_Hash.h" />
		<Unit filename="OVR/Kernel/OVR_KeyCodes.h" />
		<Unit filename="OVR/Kernel/OVR_List.h" />
		<Unit filename="OVR/Kernel/OVR_Log.cpp" />
		<Unit filename="OVR/Kernel/OVR_Log.h" />
		<Unit filename="OVR/Kernel/OVR_Math.cpp" />
		<Unit filename="OVR/Kernel/OVR_Math.h" />
		<Unit filename="OVR/Kernel/OVR_RefCount.cpp" />
		<Unit filename="OVR/Kernel/OVR_RefCount.h" />
		<Unit filename="OVR/Kernel/OVR_Std.cpp" />
		<Unit filename="OVR/Kernel/OVR_Std.h" />
		<Unit filename="OVR/Kernel/OVR_String.cpp" />
		<Unit filename="OVR/Kernel/OVR_String.h" />
		<Unit filename="OVR/Kernel/OVR_StringHash.h" />
		<Unit filename="OVR/Kernel/OVR_String_FormatUtil.cpp" />
		<Unit filename="OVR/Kernel/OVR_String_PathUtil.cpp" />
		<Unit filename="OVR/Kernel/OVR_SysFile.cpp" />
		<Unit filename="OVR/Kernel/OVR_SysFile.h" />
		<Unit filename="OVR/Kernel/OVR_System.cpp" />
		<Unit filename="OVR/Kernel/OVR_System.h" />
		<Unit filename="OVR/Kernel/OVR_Threads.h" />
		<Unit filename="OVR/Kernel/OVR_ThreadsWinAPI.cpp" />
		<Unit filename="OVR/Kernel/OVR_Timer.cpp" />
		<Unit filename="OVR/Kernel/OVR_Timer.h" />
		<Unit filename="OVR/Kernel/OVR_Types.h" />
		<Unit filename="OVR/Kernel/OVR_UTF8Util.cpp" />
		<Unit filename="OVR/Kernel/OVR_UTF8Util.h" />
		<Unit filename="OVR/OVR_Device.h" />
		<Unit filename="OVR/OVR_DeviceConstants.h" />
		<Unit filename="OVR/OVR_DeviceHandle.cpp" />
		<Unit filename="OVR/OVR_DeviceHandle.h" />
		<Unit filename="OVR/OVR_DeviceImpl.cpp" />
		<Unit filename="OVR/OVR_DeviceImpl.h" />
		<Unit filename="OVR/OVR_DeviceMessages.h" />
		<Unit filename="OVR/OVR_HIDDevice.h" />
		<Unit filename="OVR/OVR_HIDDeviceBase.h" />
		<Unit filename="OVR/OVR_HIDDeviceImpl.h" />
		<Unit filename="OVR/OVR_JSON.cpp" />
		<Unit filename="OVR/OVR_JSON.h" />
		<Unit filename="OVR/OVR_LatencyTestImpl.cpp" />
		<Unit filename="OVR/OVR_LatencyTestImpl.h" />
		<Unit filename="OVR/OVR_Profile.cpp" />
		<Unit filename="OVR/OVR_Profile.h" />
		<Unit filename="OVR/OVR_SensorFilter.cpp" />
		<Unit filename="OVR/OVR_SensorFilter.h" />
		<Unit filename="OVR/OVR_SensorFusion.cpp" />
		<Unit filename="OVR/OVR_SensorFusion.h" />
		<Unit filename="OVR/OVR_SensorImpl.cpp" />
		<Unit filename="OVR/OVR_SensorImpl.h" />
		<Unit filename="OVR/OVR_ThreadCommandQueue.cpp" />
		<Unit filename="OVR/OVR_ThreadCommandQueue.h" />
		<Unit filename="OVR/OVR_Win32_DeviceManager.cpp" />
		<Unit filename="OVR/OVR_Win32_DeviceManager.h" />
		<Unit filename="OVR/OVR_Win32_DeviceStatus.cpp" />
		<Unit filename="OVR/OVR_Win32_DeviceStatus.h" />
		<Unit filename="OVR/OVR_Win32_HIDDevice.cpp" />
		<Unit filename="OVR/OVR_Win32_HIDDevice.h" />
		<Unit filename="OVR/OVR_Win32_HMDDevice.cpp" />
		<Unit filename="OVR/OVR_Win32_HMDDevice.h" />
		<Unit filename="OVR/OVR_Win32_SensorDevice.cpp" />
		<Unit filename="OVR/OVR_Win32_SensorDevice.h" />
		<Unit filename="OVR/Util/Util_LatencyTest.cpp" />
		<Unit filename="OVR/Util/Util_LatencyTest.h" />
		<Unit filename="OVR/Util/Util_MagCalibration.cpp" />
		<Unit filename="OVR/Util/Util_MagCalibration.h" />
		<Unit filename="OVR/Util/Util_Render_Stereo.cpp" />
		<Unit filename="OVR/Util/Util_Render_Stereo.h" />
		<Unit filename="astronaut.cpp" />
		<Unit filename="astronaut.h" />
		<Unit filename="astronomical_entities/blackhole.cpp" />
		<Unit filename="astronomical_entities/blackhole.h" />
		<Unit filename="astronomical_entities/dustcloud.cpp" />
		<Unit filename="astronomical_entities/dustcloud.h" />
		<Unit filename="astronomical_entities/moon.cpp" />
		<Unit filename="astronomical_entities/moon.h" />
		<Unit filename="astronomical_entities/neutronstar.cpp" />
		<Unit filename="astronomical_entities/neutronstar.h" />
		<Unit filename="astronomical_entities/orbitalbody.cpp" />
		<Unit filename="astronomical_entities/orbitalbody.h" />
		<Unit filename="astronomical_entities/planet.cpp" />
		<Unit filename="astronomical_entities/planet.h" />
		<Unit filename="astronomical_entities/pulsar.cpp" />
		<Unit filename="astronomical_entities/pulsar.h" />
		<Unit filename="astronomical_entities/star.cpp" />
		<Unit filename="astronomical_entities/star.h" />
		<Unit filename="astronomical_entities/starsystem.cpp" />
		<Unit filename="astronomical_entities/starsystem.h" />
		<Unit filename="astronomical_entities/universe.cpp" />
		<Unit filename="astronomical_entities/universe.h" />
		<Unit filename="astronomical_entities/whitedwarf.cpp" />
		<Unit filename="astronomical_entities/whitedwarf.h" />
		<Unit filename="body.cpp" />
		<Unit filename="body.h" />
		<Unit filename="devices/device.cpp" />
		<Unit filename="devices/device.h" />
		<Unit filename="devices/display_converter_analogue_digital.cpp" />
		<Unit filename="devices/display_converter_analogue_digital.h" />
		<Unit filename="devices/display_converter_digital_analogue.cpp" />
		<Unit filename="devices/display_converter_digital_analogue.h" />
		<Unit filename="devices/external/camera.cpp" />
		<Unit filename="devices/external/camera.h" />
		<Unit filename="devices/external/device_external.cpp" />
		<Unit filename="devices/external/device_external.h" />
		<Unit filename="devices/external/sensor_pressure.cpp" />
		<Unit filename="devices/external/sensor_pressure.h" />
		<Unit filename="devices/instruments/altimeter.cpp" />
		<Unit filename="devices/instruments/altimeter.h" />
		<Unit filename="devices/instruments/display.cpp" />
		<Unit filename="devices/instruments/display.h" />
		<Unit filename="devices/instruments/display_digital.cpp" />
		<Unit filename="devices/instruments/display_digital.h" />
		<Unit filename="devices/instruments/display_small.cpp" />
		<Unit filename="devices/instruments/display_small.h" />
		<Unit filename="devices/instruments/instrument.cpp" />
		<Unit filename="devices/instruments/instrument.h" />
		<Unit filename="devices/mapper_system.cpp" />
		<Unit filename="devices/mapper_system.h" />
		<Unit filename="devices/memory.cpp" />
		<Unit filename="devices/memory.h" />
		<Unit filename="init_graphics.cpp" />
		<Unit filename="init_universe.cpp" />
		<Unit filename="input/callback_key.cpp" />
		<Unit filename="input/callback_mouse.cpp" />
		<Unit filename="input/callback_mousebutton.cpp" />
		<Unit filename="input/callback_scroll.cpp" />
		<Unit filename="input/callback_textinput.cpp" />
		<Unit filename="input/callback_windowclose.cpp" />
		<Unit filename="input/callback_windowresize.cpp" />
		<Unit filename="input/controls.cpp" />
		<Unit filename="instrumentpanel.cpp" />
		<Unit filename="instrumentpanel.h" />
		<Unit filename="main.cpp" />
		<Unit filename="mathematical/integrator.cpp" />
		<Unit filename="mathematical/integrator.h" />
		<Unit filename="mathematical/integrator_euler.cpp" />
		<Unit filename="mathematical/integrator_euler.h" />
		<Unit filename="mathematical/integrator_rungekutta4.cpp" />
		<Unit filename="mathematical/integrator_rungekutta4.h" />
		<Unit filename="mathematical/integrator_rungekuttafehlberg54.cpp" />
		<Unit filename="mathematical/integrator_rungekuttafehlberg54.h" />
		<Unit filename="object concept.txt" />
		<Unit filename="oculusstorm.cpp" />
		<Unit filename="oculusstorm.h" />
		<Unit filename="physicsbody.cpp" />
		<Unit filename="physicsbody.h" />
		<Unit filename="platform_defines.h" />
		<Unit filename="random_engine.cpp" />
		<Unit filename="random_engine.h" />
		<Unit filename="spacecraft.cpp" />
		<Unit filename="spacecraft.h" />
		<Unit filename="version.h" />
		<Unit filename="vmath.cpp" />
		<Unit filename="vmath.h" />
		<Extensions>
			<code_completion />
			<envvars />
			<debugger />
			<AutoVersioning>
				<Scheme minor_max="10" build_max="0" rev_max="0" rev_rand_max="10" build_times_to_increment_minor="100" />
				<Settings autoincrement="1" date_declarations="1" use_define="0" update_manifest="1" do_auto_increment="1" ask_to_increment="0" language="C++" svn="0" svn_directory="" header_path="version.h" />
				<Changes_Log show_changes_editor="0" app_title="released version %M.%m.%b of %p" changeslog_path="ChangesLog.txt" />
				<Code header_guard="VERSION_H" namespace="AutoVersion" prefix="" />
			</AutoVersioning>
			<editor_config active="1" use_tabs="0" tab_indents="1" tab_width="2" indent="2" eol_mode="0" />
		</Extensions>
	</Project>
</CodeBlocks_project_file>
